
Microsoft Visual Studio Solution File, Format Version 12.00
# Visual Studio 2017
Project("{FAE04EC0-301F-11D3-BF4B-00C04F79EFBC}") = "MagicaVoxelSplitter", "MagicaVoxelSplitter.csproj", "{BC8108D9-3540-5568-AB10-55F2662D739D}"
EndProject
Global
	GlobalSection(SolutionConfigurationPlatforms) = preSolution
		Debug|Any CPU = Debug|Any CPU
		Release|Any CPU = Release|Any CPU
	EndGlobalSection
	GlobalSection(ProjectConfigurationPlatforms) = postSolution
		{BC8108D9-3540-5568-AB10-55F2662D739D}.Debug|Any CPU.ActiveCfg = Debug|Any CPU
		{BC8108D9-3540-5568-AB10-55F2662D739D}.Debug|Any CPU.Build.0 = Debug|Any CPU
		{BC8108D9-3540-5568-AB10-55F2662D739D}.Release|Any CPU.ActiveCfg = Release|Any CPU
		{BC8108D9-3540-5568-AB10-55F2662D739D}.Release|Any CPU.Build.0 = Release|Any CPU
	EndGlobalSection
	GlobalSection(SolutionProperties) = preSolution
		HideSolutionNode = FALSE
	EndGlobalSection
EndGlobal
